<?xml version="1.0" encoding="utf-8"?>
<Project ToolsVersion="4.0" xmlns="http://schemas.microsoft.com/developer/msbuild/2003">
  <ItemGroup>
    <Filter Include="Source Files">
      <UniqueIdentifier>{4FC737F1-C7A5-4376-A066-2A32D752A2FF}</UniqueIdentifier>
      <Extensions>cpp;c;cc;cxx;c++;cppm;ixx;def;odl;idl;hpj;bat;asm;asmx</Extensions>
    </Filter>
    <Filter Include="Header Files">
      <UniqueIdentifier>{93995380-89BD-4b04-88EB-625FBE52EBFB}</UniqueIdentifier>
      <Extensions>h;hh;hpp;hxx;h++;hm;inl;inc;ipp;xsd</Extensions>
    </Filter>
    <Filter Include="Resource Files">
      <UniqueIdentifier>{67DA6AB6-F800-4c08-8B7A-83BB121AAD01}</UniqueIdentifier>
      <Extensions>rc;ico;cur;bmp;dlg;rc2;rct;bin;rgs;gif;jpg;jpeg;jpe;resx;tiff;tif;png;wav;mfcribbon-ms</Extensions>
    </Filter>
  </ItemGroup>
  <ItemGroup>
    <ClCompile Include="source\Source.cpp">
      <Filter>Source Files</Filter>
    </ClCompile>
    <ClCompile Include="source\game\CardData.cpp">
      <Filter>Source Files</Filter>
    </ClCompile>
    <ClCompile Include="source\game\GameLogic.cpp">
      <Filter>Source Files</Filter>
    </ClCompile>
    <ClCompile Include="source\game\PlayerData.cpp">
      <Filter>Source Files</Filter>
    </ClCompile>
    <ClCompile Include="source\network\PacketFactory.cpp">
      <Filter>Source Files</Filter>
    </ClCompile>
    <ClCompile Include="source\network\Server.cpp">
      <Filter>Source Files</Filter>
    </ClCompile>
    <ClCompile Include="source\states\server\GameState.cpp">
      <Filter>Source Files</Filter>
    </ClCompile>
    <ClCompile Include="source\network\Client.cpp">
      <Filter>Source Files</Filter>
    </ClCompile>
    <ClCompile Include="source\game\scenes\TestMenuScene.cpp">
      <Filter>Source Files</Filter>
    </ClCompile>
    <ClCompile Include="source\ui\widgets\TextBox.cpp">
      <Filter>Source Files</Filter>
    </ClCompile>
    <ClCompile Include="source\resources\Fonts.cpp">
      <Filter>Source Files</Filter>
    </ClCompile>
    <ClCompile Include="source\resources\CursorImages.cpp">
      <Filter>Source Files</Filter>
    </ClCompile>
    <ClCompile Include="source\game\ClassicRules.cpp">
      <Filter>Source Files</Filter>
    </ClCompile>
    <ClCompile Include="source\game\PlayerProfile.h">
      <Filter>Source Files</Filter>
    </ClCompile>
    <ClCompile Include="source\states\server\LobbyState.cpp">
      <Filter>Source Files</Filter>
    </ClCompile>
    <ClCompile Include="source\states\client\ClientLobbyState.cpp">
      <Filter>Source Files</Filter>
    </ClCompile>
    <ClCompile Include="source\network\ClientSession.cpp">
      <Filter>Source Files</Filter>
    </ClCompile>
    <ClCompile Include="source\network\ClientPacketDispatcher.h">
      <Filter>Source Files</Filter>
    </ClCompile>
    <ClCompile Include="source\network\ClientModel.cpp">
      <Filter>Source Files</Filter>
    </ClCompile>
    <ClCompile Include="source\game\ClientPlayerData.cpp">
      <Filter>Source Files</Filter>
    </ClCompile>
    <ClCompile Include="source\ui\primitives\RoundedRectangleShape.cpp">
      <Filter>Source Files</Filter>
    </ClCompile>
    <ClCompile Include="source\states\SeatPositionsState.cpp">
      <Filter>Source Files</Filter>
    </ClCompile>
    <ClCompile Include="source\ui\UIController.cpp">
      <Filter>Source Files</Filter>
    </ClCompile>
    <ClCompile Include="source\game\ClientLobbyLogic.cpp">
      <Filter>Source Files</Filter>
    </ClCompile>
    <ClCompile Include="source\game\LobbyLogic.cpp">
      <Filter>Source Files</Filter>
    </ClCompile>
    <ClCompile Include="source\game\Game.cpp">
      <Filter>Source Files</Filter>
    </ClCompile>
    <ClCompile Include="source\ui\core\UIElement.cpp">
      <Filter>Source Files</Filter>
    </ClCompile>
    <ClCompile Include="source\ui\ButtonBuilder.cpp">
      <Filter>Source Files</Filter>
    </ClCompile>
    <ClCompile Include="source\ui\layers\MainMenuLayer.cpp">
      <Filter>Source Files</Filter>
    </ClCompile>
    <ClCompile Include="source\ui\layers\ExitConfirmationLayer.cpp">
      <Filter>Source Files</Filter>
    </ClCompile>
    <ClCompile Include="source\ui\layers\InputIpAddressLayer.cpp">
      <Filter>Source Files</Filter>
    </ClCompile>
    <ClCompile Include="source\utils\NetworkUtils.cpp">
      <Filter>Source Files</Filter>
    </ClCompile>
    <ClCompile Include="source\utils\StringUtils.cpp">
      <Filter>Source Files</Filter>
    </ClCompile>
    <ClCompile Include="source\game\scenes\LobbyScene.cpp">
      <Filter>Source Files</Filter>
    </ClCompile>
    <ClCompile Include="source\ui\layers\LobbyLayer.cpp">
      <Filter>Source Files</Filter>
    </ClCompile>
    <ClCompile Include="source\ui\LobbyPlayerView.cpp">
      <Filter>Source Files</Filter>
    </ClCompile>
    <ClCompile Include="source\ui\controllers\DragController.cpp">
      <Filter>Source Files</Filter>
    </ClCompile>
    <ClCompile Include="source\resources\TextureManager.cpp">
      <Filter>Source Files</Filter>
    </ClCompile>
    <ClCompile Include="source\core\animation\Easing.cpp">
      <Filter>Source Files</Filter>
    </ClCompile>
    <ClCompile Include="source\ui\panels\LobbyTopLeftPanel.cpp">
      <Filter>Source Files</Filter>
    </ClCompile>
    <ClCompile Include="source\ui\panels\LobbyTablePanel.cpp">
      <Filter>Source Files</Filter>
    </ClCompile>
  </ItemGroup>
  <ItemGroup>
    <ClInclude Include="source\game\CardData.h">
      <Filter>Header Files</Filter>
    </ClInclude>
    <ClInclude Include="source\game\GameLogic.h">
      <Filter>Header Files</Filter>
    </ClInclude>
    <ClInclude Include="source\game\GamePlayerInfo.h">
      <Filter>Header Files</Filter>
    </ClInclude>
    <ClInclude Include="source\game\LobbyPlayerInfo.h">
      <Filter>Header Files</Filter>
    </ClInclude>
    <ClInclude Include="source\game\PlayerData.h">
      <Filter>Header Files</Filter>
    </ClInclude>
    <ClInclude Include="source\network\Packet.h">
      <Filter>Header Files</Filter>
    </ClInclude>
    <ClInclude Include="source\network\PacketFactory.h">
      <Filter>Header Files</Filter>
    </ClInclude>
    <ClInclude Include="source\protocol\PacketType.h">
      <Filter>Header Files</Filter>
    </ClInclude>
    <ClInclude Include="source\network\Server.h">
      <Filter>Header Files</Filter>
    </ClInclude>
    <ClInclude Include="source\states\server\GameState.h">
      <Filter>Header Files</Filter>
    </ClInclude>
    <ClInclude Include="source\network\PendingPacket.h">
      <Filter>Header Files</Filter>
    </ClInclude>
    <ClInclude Include="source\game\GameEvent.h">
      <Filter>Header Files</Filter>
    </ClInclude>
    <ClInclude Include="source\core\Constants.h">
      <Filter>Header Files</Filter>
    </ClInclude>
    <ClInclude Include="source\game\TableInfo.h">
      <Filter>Header Files</Filter>
    </ClInclude>
    <ClInclude Include="source\network\Client.h">
      <Filter>Header Files</Filter>
    </ClInclude>
    <ClInclude Include="source\states\client\ClientGameState.h">
      <Filter>Header Files</Filter>
    </ClInclude>
    <ClInclude Include="source\game\ClientPlayerData.h">
      <Filter>Header Files</Filter>
    </ClInclude>
    <ClInclude Include="source\core\scene\IScene.h">
      <Filter>Header Files</Filter>
    </ClInclude>
    <ClInclude Include="source\game\scenes\TestMenuScene.h">
      <Filter>Header Files</Filter>
    </ClInclude>
    <ClInclude Include="source\ui\widgets\Button.h">
      <Filter>Header Files</Filter>
    </ClInclude>
    <ClInclude Include="source\fonts\Fonts.h">
      <Filter>Header Files</Filter>
    </ClInclude>
    <ClInclude Include="source\ui\widgets\TextBox.h">
      <Filter>Header Files</Filter>
    </ClInclude>
    <ClInclude Include="source\resources\Fonts.h">
      <Filter>Header Files</Filter>
    </ClInclude>
    <ClInclude Include="source\resources\CursorsImages.h">
      <Filter>Header Files</Filter>
    </ClInclude>
    <ClInclude Include="source\core\Trackable.h">
      <Filter>Header Files</Filter>
    </ClInclude>
    <ClInclude Include="source\core\EventSystem.h">
      <Filter>Header Files</Filter>
    </ClInclude>
    <ClInclude Include="source\game\Game.h">
      <Filter>Header Files</Filter>
    </ClInclude>
    <ClInclude Include="source\game\events\Event.h">
      <Filter>Header Files</Filter>
    </ClInclude>
    <ClInclude Include="source\game\events\requests\JoinGameRequestEvent.h">
      <Filter>Header Files</Filter>
    </ClInclude>
    <ClInclude Include="source\game\Rules.h">
      <Filter>Header Files</Filter>
    </ClInclude>
    <ClInclude Include="source\game\ClassicRules.h">
      <Filter>Header Files</Filter>
    </ClInclude>
    <ClInclude Include="source\core\DebugLog.h">
      <Filter>Header Files</Filter>
    </ClInclude>
    <ClInclude Include="source\game\events\game\InvalidMoveEvent.h">
      <Filter>Header Files</Filter>
    </ClInclude>
    <ClInclude Include="source\game\events\game\TossEvent.h">
      <Filter>Header Files</Filter>
    </ClInclude>
    <ClInclude Include="source\game\events\game\BeatEvent.h">
      <Filter>Header Files</Filter>
    </ClInclude>
    <ClInclude Include="source\game\events\game\MainTrumpCardIdentifiedEvent.h">
      <Filter>Header Files</Filter>
    </ClInclude>
    <ClInclude Include="source\game\events\game\ExtraCardsToDealEvent.h">
      <Filter>Header Files</Filter>
    </ClInclude>
    <ClInclude Include="source\game\events\game\ShowPlayerTrumpCardEvent.h">
      <Filter>Header Files</Filter>
    </ClInclude>
    <ClInclude Include="source\game\events\game\IdentifyNewRolesPositionEvent.h">
      <Filter>Header Files</Filter>
    </ClInclude>
    <ClInclude Include="source\game\events\game\DealCardEvent.h">
      <Filter>Header Files</Filter>
    </ClInclude>
    <ClInclude Include="source\game\events\game\PassActionToPlayerEvent.h">
      <Filter>Header Files</Filter>
    </ClInclude>
    <ClInclude Include="source\game\events\game\NewPhaseEvent.h">
      <Filter>Header Files</Filter>
    </ClInclude>
    <ClInclude Include="source\game\events\game\ClearTableEvent.h">
      <Filter>Header Files</Filter>
    </ClInclude>
    <ClInclude Include="source\game\events\game\RewardPlayerEvent.h">
      <Filter>Header Files</Filter>
    </ClInclude>
    <ClInclude Include="source\states\server\LobbyState.h">
      <Filter>Header Files</Filter>
    </ClInclude>
    <ClInclude Include="source\game\RulesType.h">
      <Filter>Header Files</Filter>
    </ClInclude>
    <ClInclude Include="source\states\client\ClientLobbyState.h">
      <Filter>Header Files</Filter>
    </ClInclude>
    <ClInclude Include="source\protocol\ClientRole.h">
      <Filter>Header Files</Filter>
    </ClInclude>
    <ClInclude Include="source\protocol\SessionPhase.h">
      <Filter>Header Files</Filter>
    </ClInclude>
    <ClInclude Include="source\protocol\DisconnectReason.h">
      <Filter>Header Files</Filter>
    </ClInclude>
    <ClInclude Include="source\game\events\requests\CreateGameRequestEvent.h">
      <Filter>Header Files</Filter>
    </ClInclude>
    <ClInclude Include="source\game\events\domain\PlayerConnectedEvent.h">
      <Filter>Header Files</Filter>
    </ClInclude>
    <ClInclude Include="source\network\ClientSession.h">
      <Filter>Header Files</Filter>
    </ClInclude>
    <ClInclude Include="source\network\SendResult.h">
      <Filter>Header Files</Filter>
    </ClInclude>
    <ClInclude Include="source\game\events\requests\SeatPositionsChangeRequestEvent.h">
      <Filter>Header Files</Filter>
    </ClInclude>
    <ClInclude Include="source\game\events\requests\PlayersPerGameChangeRequestEvent.h">
      <Filter>Header Files</Filter>
    </ClInclude>
    <ClInclude Include="source\game\events\domain\PlayersPerGameChangedEvent.h">
      <Filter>Header Files</Filter>
    </ClInclude>
    <ClInclude Include="source\game\events\domain\SeatPositionsChangedEvent.h">
      <Filter>Header Files</Filter>
    </ClInclude>
    <ClInclude Include="source\core\EventInitiator.h">
      <Filter>Header Files</Filter>
    </ClInclude>
    <ClInclude Include="source\game\events\domain\PlayerReconnectedEvent.h">
      <Filter>Header Files</Filter>
    </ClInclude>
    <ClInclude Include="source\game\events\domain\PlayerDisconnectedEvent.h">
      <Filter>Header Files</Filter>
    </ClInclude>
    <ClInclude Include="source\network\ServerPacketDispatcher.h">
      <Filter>Header Files</Filter>
    </ClInclude>
    <ClInclude Include="source\game\events\domain\ServerDisconnectPacket.h">
      <Filter>Header Files</Filter>
    </ClInclude>
    <ClInclude Include="source\game\events\domain\ServerDisconnectEvent.h">
      <Filter>Header Files</Filter>
    </ClInclude>
    <ClInclude Include="source\game\events\domain\ConnectionWithPlayerLostEvent.h">
      <Filter>Header Files</Filter>
    </ClInclude>
    <ClInclude Include="source\game\events\domain\PlayerNicknameChangedEvent.h">
      <Filter>Header Files</Filter>
    </ClInclude>
    <ClInclude Include="source\game\events\domain\SeatPositionsSwappedEvent.h">
      <Filter>Header Files</Filter>
    </ClInclude>
    <ClInclude Include="source\network\ClientModel.h">
      <Filter>Header Files</Filter>
    </ClInclude>
    <ClInclude Include="source\ui\primitives\RoundedRectangleShape.h">
      <Filter>Header Files</Filter>
    </ClInclude>
    <ClInclude Include="source\core\Committable.h">
      <Filter>Header Files</Filter>
    </ClInclude>
    <ClInclude Include="source\states\SeatPositionsState.h">
      <Filter>Header Files</Filter>
    </ClInclude>
    <ClInclude Include="source\protocol\SnapshotType.h">
      <Filter>Header Files</Filter>
    </ClInclude>
    <ClInclude Include="source\game\events\domain\SnapshotAppliedEvent.h">
      <Filter>Header Files</Filter>
    </ClInclude>
    <ClInclude Include="source\core\animation\Animation.h">
      <Filter>Header Files</Filter>
    </ClInclude>
    <ClInclude Include="source\utils\LerpUtils.h">
      <Filter>Header Files</Filter>
    </ClInclude>
    <ClInclude Include="source\utils\EasingUtils.h">
      <Filter>Header Files</Filter>
    </ClInclude>
    <ClInclude Include="source\ui\core\UIElement.h">
      <Filter>Header Files</Filter>
    </ClInclude>
    <ClInclude Include="source\ui\core\UIInteractive.h">
      <Filter>Header Files</Filter>
    </ClInclude>
    <ClInclude Include="source\game\events\requests\SeatPositionsSwapRequestEvent.h">
      <Filter>Header Files</Filter>
    </ClInclude>
    <ClInclude Include="source\testData\ClientLobbyStateBuilder.h">
      <Filter>Header Files</Filter>
    </ClInclude>
    <ClInclude Include="source\utils\RandomUtils.h">
      <Filter>Header Files</Filter>
    </ClInclude>
    <ClInclude Include="source\ui\UIController.h">
      <Filter>Header Files</Filter>
    </ClInclude>
    <ClInclude Include="source\game\ClientLobbyLogic.h">
      <Filter>Header Files</Filter>
    </ClInclude>
    <ClInclude Include="source\core\input\InputState.h">
      <Filter>Header Files</Filter>
    </ClInclude>
    <ClInclude Include="source\core\input\InputController.h">
      <Filter>Header Files</Filter>
    </ClInclude>
    <ClInclude Include="source\core\animation\AnimationState.h">
      <Filter>Header Files</Filter>
    </ClInclude>
    <ClInclude Include="source\ui\state\ControlState.h">
      <Filter>Header Files</Filter>
    </ClInclude>
    <ClInclude Include="source\game\LobbyLogic.h">
      <Filter>Header Files</Filter>
    </ClInclude>
    <ClInclude Include="source\states\core\IState.h">
      <Filter>Header Files</Filter>
    </ClInclude>
    <ClInclude Include="source\game\events\domain\WelcomeEvent.h">
      <Filter>Header Files</Filter>
    </ClInclude>
    <ClInclude Include="source\game\events\domain\InvalidRequestEvent.h">
      <Filter>Header Files</Filter>
    </ClInclude>
    <ClInclude Include="source\game\events\ui\LobbyStateSyncEvent.h">
      <Filter>Header Files</Filter>
    </ClInclude>
    <ClInclude Include="source\core\ClientContext.h">
      <Filter>Header Files</Filter>
    </ClInclude>
    <ClInclude Include="source\core\LaunchArgs.h">
      <Filter>Header Files</Filter>
    </ClInclude>
    <ClInclude Include="source\network\ConnectionState.h">
      <Filter>Header Files</Filter>
    </ClInclude>
    <ClInclude Include="source\protocol\SyncState.h">
      <Filter>Header Files</Filter>
    </ClInclude>
    <ClInclude Include="source\ui\styles\ButtonStyle.h">
      <Filter>Header Files</Filter>
    </ClInclude>
    <ClInclude Include="source\ui\styles\ButtonType.h">
      <Filter>Header Files</Filter>
    </ClInclude>
    <ClInclude Include="source\ui\ButtonBuilder.h">
      <Filter>Header Files</Filter>
    </ClInclude>
    <ClInclude Include="source\ui\state\InteractionColorsState.h">
      <Filter>Header Files</Filter>
    </ClInclude>
    <ClInclude Include="source\ui\state\OutlineSettingsState.h">
      <Filter>Header Files</Filter>
    </ClInclude>
    <ClInclude Include="source\ui\core\ILayer.h">
      <Filter>Header Files</Filter>
    </ClInclude>
    <ClInclude Include="source\ui\layers\MainMenuLayer.h">
      <Filter>Header Files</Filter>
    </ClInclude>
    <ClInclude Include="source\ui\core\Panel.h">
      <Filter>Header Files</Filter>
    </ClInclude>
    <ClInclude Include="source\ui\elements\RectangleElement.h">
      <Filter>Header Files</Filter>
    </ClInclude>
    <ClInclude Include="source\ui\elements\RoundedRectangleElement.h">
      <Filter>Header Files</Filter>
    </ClInclude>
    <ClInclude Include="source\ui\elements\TextElement.h">
      <Filter>Header Files</Filter>
    </ClInclude>
    <ClInclude Include="source\game\events\requests\ExitRequestEvent.h">
      <Filter>Header Files</Filter>
    </ClInclude>
    <ClInclude Include="source\ui\layers\ExitConfirmationLayer.h">
      <Filter>Header Files</Filter>
    </ClInclude>
    <ClInclude Include="source\game\events\domain\ExitEvent.h">
      <Filter>Header Files</Filter>
    </ClInclude>
    <ClInclude Include="source\game\events\requests\InputIpAddressRequestEvent.h">
      <Filter>Header Files</Filter>
    </ClInclude>
    <ClInclude Include="source\ui\layers\InputIpAddressLayer.h">
      <Filter>Header Files</Filter>
    </ClInclude>
    <ClInclude Include="source\utils\StringUtils.h">
      <Filter>Header Files</Filter>
    </ClInclude>
    <ClInclude Include="source\utils\NetworkUtils.h">
      <Filter>Header Files</Filter>
    </ClInclude>
    <ClInclude Include="source\ui\styles\VisualComponent.h">
      <Filter>Header Files</Filter>
    </ClInclude>
    <ClInclude Include="source\game\scenes\LobbyScene.h">
      <Filter>Header Files</Filter>
    </ClInclude>
    <ClInclude Include="source\ui\layers\LobbyLayer.h">
      <Filter>Header Files</Filter>
    </ClInclude>
    <ClInclude Include="source\ui\panels\LobbyQueuePanel.h">
      <Filter>Header Files</Filter>
    </ClInclude>
    <ClInclude Include="source\ui\panels\LobbySeatsPanel.h">
      <Filter>Header Files</Filter>
    </ClInclude>
    <ClInclude Include="source\utils\MathUtils.h">
      <Filter>Header Files</Filter>
    </ClInclude>
    <ClInclude Include="source\ui\LobbyPlayerView.h">
      <Filter>Header Files</Filter>
    </ClInclude>
    <ClInclude Include="source\utils\UIUtils.h">
      <Filter>Header Files</Filter>
    </ClInclude>
    <ClInclude Include="source\ui\controllers\DragController.h">
      <Filter>Header Files</Filter>
    </ClInclude>
    <ClInclude Include="source\resources\TextureManager.h">
      <Filter>Header Files</Filter>
    </ClInclude>
    <ClInclude Include="source\game\GameContext.h">
      <Filter>Header Files</Filter>
    </ClInclude>
    <ClInclude Include="source\ui\elements\SpriteElement.h">
      <Filter>Header Files</Filter>
    </ClInclude>
    <ClInclude Include="source\core\animation\Easing.h">
      <Filter>Header Files</Filter>
    </ClInclude>
    <ClInclude Include="source\core\animation\MoveAnimation.h">
      <Filter>Header Files</Filter>
    </ClInclude>
    <ClInclude Include="source\core\animation\TimedAnimation.h">
      <Filter>Header Files</Filter>
    </ClInclude>
    <ClInclude Include="source\core\animation\RotateAnimation.h">
      <Filter>Header Files</Filter>
    </ClInclude>
    <ClInclude Include="source\core\Concepts.h">
      <Filter>Header Files</Filter>
    </ClInclude>
    <ClInclude Include="source\ui\widgets\ListBox.h">
      <Filter>Header Files</Filter>
    </ClInclude>
    <ClInclude Include="source\ui\widgets\Dropdown.h">
      <Filter>Header Files</Filter>
    </ClInclude>
    <ClInclude Include="source\ui\panels\LobbyTopLeftPanel.h">
      <Filter>Header Files</Filter>
    </ClInclude>
    <ClInclude Include="source\ui\panels\LobbyTablePanel.h">
      <Filter>Header Files</Filter>
    </ClInclude>
  </ItemGroup>
  <ItemGroup>
    <Image Include="assets\images\Gradient32x32.png">
      <Filter>Resource Files</Filter>
    </Image>
    <Image Include="assets\images\Gradient48x48.png">
      <Filter>Resource Files</Filter>
    </Image>
    <Image Include="assets\images\Gradient64x64.png">
      <Filter>Resource Files</Filter>
    </Image>
    <Image Include="assets\images\Gradient128x128.png">
      <Filter>Resource Files</Filter>
    </Image>
  </ItemGroup>
  <ItemGroup>
    <Font Include="assets\fonts\arial.ttf" />
    <Font Include="assets\fonts\arialbd.ttf" />
    <Font Include="assets\fonts\arialbi.ttf" />
    <Font Include="assets\fonts\ariali.ttf" />
    <Font Include="assets\fonts\ARIALN.TTF" />
    <Font Include="assets\fonts\ARIALNB.TTF" />
    <Font Include="assets\fonts\ARIALNBI.TTF" />
    <Font Include="assets\fonts\ARIALNI.TTF" />
    <Font Include="assets\fonts\ariblk.ttf" />
  </ItemGroup>
</Project>